
Microsoft Visual Studio Solution File, Format Version 12.00
# Visual Studio Version 17
VisualStudioVersion = 17.10.35013.160
MinimumVisualStudioVersion = 10.0.40219.1
Project("{FAE04EC0-301F-11D3-BF4B-00C04F79EFBC}") = "Lesson8Ex2", "Lesson8Ex2\Lesson8Ex2.csproj", "{652B1ED0-167D-4CB9-A73B-871715458C7B}"
EndProject
Global
	GlobalSection(SolutionConfigurationPlatforms) = preSolution
		Debug|Any CPU = Debug|Any CPU
		Release|Any CPU = Release|Any CPU
	EndGlobalSection
	GlobalSection(ProjectConfigurationPlatforms) = postSolution
		{652B1ED0-167D-4CB9-A73B-871715458C7B}.Debug|Any CPU.ActiveCfg = Debug|Any CPU
		{652B1ED0-167D-4CB9-A73B-871715458C7B}.Debug|Any CPU.Build.0 = Debug|Any CPU
		{652B1ED0-167D-4CB9-A73B-871715458C7B}.Release|Any CPU.ActiveCfg = Release|Any CPU
		{652B1ED0-167D-4CB9-A73B-871715458C7B}.Release|Any CPU.Build.0 = Release|Any CPU
	EndGlobalSection
	GlobalSection(SolutionProperties) = preSolution
		HideSolutionNode = FALSE
	EndGlobalSection
	GlobalSection(ExtensibilityGlobals) = postSolution
		SolutionGuid = {37D9810B-F784-45B1-A13D-F371FFF72724}
	EndGlobalSection
EndGlobal
