
Microsoft Visual Studio Solution File, Format Version 12.00
# Visual Studio Version 17
VisualStudioVersion = 17.10.35013.160
MinimumVisualStudioVersion = 10.0.40219.1
Project("{FAE04EC0-301F-11D3-BF4B-00C04F79EFBC}") = "Lesson7Ex3", "Lesson7Ex3\Lesson7Ex3.csproj", "{DFFF07E8-7166-44FA-B1B1-52F61C52184E}"
EndProject
Global
	GlobalSection(SolutionConfigurationPlatforms) = preSolution
		Debug|Any CPU = Debug|Any CPU
		Release|Any CPU = Release|Any CPU
	EndGlobalSection
	GlobalSection(ProjectConfigurationPlatforms) = postSolution
		{DFFF07E8-7166-44FA-B1B1-52F61C52184E}.Debug|Any CPU.ActiveCfg = Debug|Any CPU
		{DFFF07E8-7166-44FA-B1B1-52F61C52184E}.Debug|Any CPU.Build.0 = Debug|Any CPU
		{DFFF07E8-7166-44FA-B1B1-52F61C52184E}.Release|Any CPU.ActiveCfg = Release|Any CPU
		{DFFF07E8-7166-44FA-B1B1-52F61C52184E}.Release|Any CPU.Build.0 = Release|Any CPU
	EndGlobalSection
	GlobalSection(SolutionProperties) = preSolution
		HideSolutionNode = FALSE
	EndGlobalSection
	GlobalSection(ExtensibilityGlobals) = postSolution
		SolutionGuid = {20D4247A-1C2D-4317-B8B5-09FFB5DF4C0B}
	EndGlobalSection
EndGlobal
