
Microsoft Visual Studio Solution File, Format Version 12.00
# Visual Studio Version 17
VisualStudioVersion = 17.10.35013.160
MinimumVisualStudioVersion = 10.0.40219.1
Project("{FAE04EC0-301F-11D3-BF4B-00C04F79EFBC}") = "Lesson3Ex1", "Lesson3Ex1\Lesson3Ex1.csproj", "{37B8A065-2C63-4D88-9ED6-F37883C0791D}"
EndProject
Global
	GlobalSection(SolutionConfigurationPlatforms) = preSolution
		Debug|Any CPU = Debug|Any CPU
		Release|Any CPU = Release|Any CPU
	EndGlobalSection
	GlobalSection(ProjectConfigurationPlatforms) = postSolution
		{37B8A065-2C63-4D88-9ED6-F37883C0791D}.Debug|Any CPU.ActiveCfg = Debug|Any CPU
		{37B8A065-2C63-4D88-9ED6-F37883C0791D}.Debug|Any CPU.Build.0 = Debug|Any CPU
		{37B8A065-2C63-4D88-9ED6-F37883C0791D}.Release|Any CPU.ActiveCfg = Release|Any CPU
		{37B8A065-2C63-4D88-9ED6-F37883C0791D}.Release|Any CPU.Build.0 = Release|Any CPU
	EndGlobalSection
	GlobalSection(SolutionProperties) = preSolution
		HideSolutionNode = FALSE
	EndGlobalSection
	GlobalSection(ExtensibilityGlobals) = postSolution
		SolutionGuid = {099DE96A-006B-434E-87C3-4F18D62DB7BD}
	EndGlobalSection
EndGlobal
