
Microsoft Visual Studio Solution File, Format Version 12.00
# Visual Studio Version 17
VisualStudioVersion = 17.10.35013.160
MinimumVisualStudioVersion = 10.0.40219.1
Project("{FAE04EC0-301F-11D3-BF4B-00C04F79EFBC}") = "Lesson3Ex3", "Lesson3Ex3\Lesson3Ex3.csproj", "{F0024826-776C-49EC-9F10-876FB422A69D}"
EndProject
Global
	GlobalSection(SolutionConfigurationPlatforms) = preSolution
		Debug|Any CPU = Debug|Any CPU
		Release|Any CPU = Release|Any CPU
	EndGlobalSection
	GlobalSection(ProjectConfigurationPlatforms) = postSolution
		{F0024826-776C-49EC-9F10-876FB422A69D}.Debug|Any CPU.ActiveCfg = Debug|Any CPU
		{F0024826-776C-49EC-9F10-876FB422A69D}.Debug|Any CPU.Build.0 = Debug|Any CPU
		{F0024826-776C-49EC-9F10-876FB422A69D}.Release|Any CPU.ActiveCfg = Release|Any CPU
		{F0024826-776C-49EC-9F10-876FB422A69D}.Release|Any CPU.Build.0 = Release|Any CPU
	EndGlobalSection
	GlobalSection(SolutionProperties) = preSolution
		HideSolutionNode = FALSE
	EndGlobalSection
	GlobalSection(ExtensibilityGlobals) = postSolution
		SolutionGuid = {EE9A4965-3353-4858-9452-70A2D70922E8}
	EndGlobalSection
EndGlobal
