
Microsoft Visual Studio Solution File, Format Version 12.00
# Visual Studio Version 17
VisualStudioVersion = 17.10.35013.160
MinimumVisualStudioVersion = 10.0.40219.1
Project("{FAE04EC0-301F-11D3-BF4B-00C04F79EFBC}") = "Lesson5Ex4", "Lesson5Ex4\Lesson5Ex4.csproj", "{C0CF59A0-B48C-4500-8D95-784F7BE72796}"
EndProject
Global
	GlobalSection(SolutionConfigurationPlatforms) = preSolution
		Debug|Any CPU = Debug|Any CPU
		Release|Any CPU = Release|Any CPU
	EndGlobalSection
	GlobalSection(ProjectConfigurationPlatforms) = postSolution
		{C0CF59A0-B48C-4500-8D95-784F7BE72796}.Debug|Any CPU.ActiveCfg = Debug|Any CPU
		{C0CF59A0-B48C-4500-8D95-784F7BE72796}.Debug|Any CPU.Build.0 = Debug|Any CPU
		{C0CF59A0-B48C-4500-8D95-784F7BE72796}.Release|Any CPU.ActiveCfg = Release|Any CPU
		{C0CF59A0-B48C-4500-8D95-784F7BE72796}.Release|Any CPU.Build.0 = Release|Any CPU
	EndGlobalSection
	GlobalSection(SolutionProperties) = preSolution
		HideSolutionNode = FALSE
	EndGlobalSection
	GlobalSection(ExtensibilityGlobals) = postSolution
		SolutionGuid = {6CDB83BA-6BC5-46C9-9064-E091BC5538EA}
	EndGlobalSection
EndGlobal
